
Microsoft Visual Studio Solution File, Format Version 12.00
# Visual Studio Version 17
VisualStudioVersion = 17.3.32825.248
MinimumVisualStudioVersion = 10.0.40219.1
Project("{FAE04EC0-301F-11D3-BF4B-00C04F79EFBC}") = "XamarinSplashDroid.Android", "XamarinSplashDroid\XamarinSplashDroid.Android\XamarinSplashDroid.Android.csproj", "{7843D623-A44B-457A-A3BD-F75F7D86C222}"
EndProject
Project("{FAE04EC0-301F-11D3-BF4B-00C04F79EFBC}") = "XamarinSplashDroid", "XamarinSplashDroid\XamarinSplashDroid\XamarinSplashDroid.csproj", "{D15831DB-2AD5-47E1-B321-1807F9D8C21F}"
EndProject
Global
	GlobalSection(SolutionConfigurationPlatforms) = preSolution
		Debug|Any CPU = Debug|Any CPU
		Release|Any CPU = Release|Any CPU
	EndGlobalSection
	GlobalSection(ProjectConfigurationPlatforms) = postSolution
		{7843D623-A44B-457A-A3BD-F75F7D86C222}.Debug|Any CPU.ActiveCfg = Debug|Any CPU
		{7843D623-A44B-457A-A3BD-F75F7D86C222}.Debug|Any CPU.Build.0 = Debug|Any CPU
		{7843D623-A44B-457A-A3BD-F75F7D86C222}.Debug|Any CPU.Deploy.0 = Debug|Any CPU
		{7843D623-A44B-457A-A3BD-F75F7D86C222}.Release|Any CPU.ActiveCfg = Release|Any CPU
		{7843D623-A44B-457A-A3BD-F75F7D86C222}.Release|Any CPU.Build.0 = Release|Any CPU
		{7843D623-A44B-457A-A3BD-F75F7D86C222}.Release|Any CPU.Deploy.0 = Release|Any CPU
		{D15831DB-2AD5-47E1-B321-1807F9D8C21F}.Debug|Any CPU.ActiveCfg = Debug|Any CPU
		{D15831DB-2AD5-47E1-B321-1807F9D8C21F}.Debug|Any CPU.Build.0 = Debug|Any CPU
		{D15831DB-2AD5-47E1-B321-1807F9D8C21F}.Debug|Any CPU.Deploy.0 = Debug|Any CPU
		{D15831DB-2AD5-47E1-B321-1807F9D8C21F}.Release|Any CPU.ActiveCfg = Release|Any CPU
		{D15831DB-2AD5-47E1-B321-1807F9D8C21F}.Release|Any CPU.Build.0 = Release|Any CPU
		{D15831DB-2AD5-47E1-B321-1807F9D8C21F}.Release|Any CPU.Deploy.0 = Release|Any CPU
	EndGlobalSection
	GlobalSection(SolutionProperties) = preSolution
		HideSolutionNode = FALSE
	EndGlobalSection
	GlobalSection(ExtensibilityGlobals) = postSolution
		SolutionGuid = {54E54E81-B96A-4AE9-8958-75DC3D06397B}
	EndGlobalSection
EndGlobal
